Microsoft Visual Studio Solution File, Format Version 12.00
# Visual Studio 2012
Project("{FAE04EC0-301F-11D3-BF4B-00C04F79EFBC}") = "DENISE", "DENISE.csproj", "{F71B1E77-076E-447C-BD42-DF4CD0450CDB}"
EndProject
Global
	GlobalSection(SolutionConfigurationPlatforms) = preSolution
	Debug|Any CPU = Debug|Any CPU
	ExportDebug|Any CPU = ExportDebug|Any CPU
	ExportRelease|Any CPU = ExportRelease|Any CPU
	EndGlobalSection
	GlobalSection(ProjectConfigurationPlatforms) = postSolution
		{F71B1E77-076E-447C-BD42-DF4CD0450CDB}.Debug|Any CPU.ActiveCfg = Debug|Any CPU
		{F71B1E77-076E-447C-BD42-DF4CD0450CDB}.Debug|Any CPU.Build.0 = Debug|Any CPU
		{F71B1E77-076E-447C-BD42-DF4CD0450CDB}.ExportDebug|Any CPU.ActiveCfg = ExportDebug|Any CPU
		{F71B1E77-076E-447C-BD42-DF4CD0450CDB}.ExportDebug|Any CPU.Build.0 = ExportDebug|Any CPU
		{F71B1E77-076E-447C-BD42-DF4CD0450CDB}.ExportRelease|Any CPU.ActiveCfg = ExportRelease|Any CPU
		{F71B1E77-076E-447C-BD42-DF4CD0450CDB}.ExportRelease|Any CPU.Build.0 = ExportRelease|Any CPU
	EndGlobalSection
EndGlobal
